
Microsoft Visual Studio Solution File, Format Version 12.00
# Visual Studio Version 17
VisualStudioVersion = 17.4.33213.308
MinimumVisualStudioVersion = 10.0.40219.1
Project("{FAE04EC0-301F-11D3-BF4B-00C04F79EFBC}") = "3d-viewer.Frontend", "3d-viewer.Frontend\3d-viewer.Frontend.csproj", "{75C32B39-293A-4673-BB3E-5B2636AC9CFC}"
	ProjectSection(ProjectDependencies) = postProject
		{93934E2B-F8AF-485C-B0F0-11745745F388} = {93934E2B-F8AF-485C-B0F0-11745745F388}
	EndProjectSection
EndProject
Project("{FAE04EC0-301F-11D3-BF4B-00C04F79EFBC}") = "3d-viewer.Backend", "3d-viwer.Backend\3d-viewer.Backend.csproj", "{93934E2B-F8AF-485C-B0F0-11745745F388}"
EndProject
Global
	GlobalSection(SolutionConfigurationPlatforms) = preSolution
		Debug|Any CPU = Debug|Any CPU
		Release|Any CPU = Release|Any CPU
	EndGlobalSection
	GlobalSection(ProjectConfigurationPlatforms) = postSolution
		{75C32B39-293A-4673-BB3E-5B2636AC9CFC}.Debug|Any CPU.ActiveCfg = Debug|Any CPU
		{75C32B39-293A-4673-BB3E-5B2636AC9CFC}.Debug|Any CPU.Build.0 = Debug|Any CPU
		{75C32B39-293A-4673-BB3E-5B2636AC9CFC}.Release|Any CPU.ActiveCfg = Release|Any CPU
		{75C32B39-293A-4673-BB3E-5B2636AC9CFC}.Release|Any CPU.Build.0 = Release|Any CPU
		{93934E2B-F8AF-485C-B0F0-11745745F388}.Debug|Any CPU.ActiveCfg = Debug|Any CPU
		{93934E2B-F8AF-485C-B0F0-11745745F388}.Debug|Any CPU.Build.0 = Debug|Any CPU
		{93934E2B-F8AF-485C-B0F0-11745745F388}.Release|Any CPU.ActiveCfg = Release|Any CPU
		{93934E2B-F8AF-485C-B0F0-11745745F388}.Release|Any CPU.Build.0 = Release|Any CPU
	EndGlobalSection
	GlobalSection(SolutionProperties) = preSolution
		HideSolutionNode = FALSE
	EndGlobalSection
	GlobalSection(ExtensibilityGlobals) = postSolution
		SolutionGuid = {EAF3E243-C193-4ECA-B013-D121D89E3514}
	EndGlobalSection
EndGlobal
