
Microsoft Visual Studio Solution File, Format Version 12.00
# Visual Studio Version 17
VisualStudioVersion = 17.8.34511.84
MinimumVisualStudioVersion = 10.0.40219.1
Project("{FAE04EC0-301F-11D3-BF4B-00C04F79EFBC}") = "3d-viewer.Frontend", "3d-viewer\3d-viewer.Frontend.csproj", "{21FB1E5A-9C21-4D26-8CD6-2CFB7E3A7BDD}"
EndProject
Project("{FAE04EC0-301F-11D3-BF4B-00C04F79EFBC}") = "3d-viewer.Backend", "3d-viewer.Backend\3d-viewer.Backend.csproj", "{A5044C61-6AD4-4158-806D-16E51FD2194E}"
EndProject
Global
	GlobalSection(SolutionConfigurationPlatforms) = preSolution
		Debug|Any CPU = Debug|Any CPU
		Release|Any CPU = Release|Any CPU
	EndGlobalSection
	GlobalSection(ProjectConfigurationPlatforms) = postSolution
		{21FB1E5A-9C21-4D26-8CD6-2CFB7E3A7BDD}.Debug|Any CPU.ActiveCfg = Debug|Any CPU
		{21FB1E5A-9C21-4D26-8CD6-2CFB7E3A7BDD}.Debug|Any CPU.Build.0 = Debug|Any CPU
		{21FB1E5A-9C21-4D26-8CD6-2CFB7E3A7BDD}.Release|Any CPU.ActiveCfg = Release|Any CPU
		{21FB1E5A-9C21-4D26-8CD6-2CFB7E3A7BDD}.Release|Any CPU.Build.0 = Release|Any CPU
		{A5044C61-6AD4-4158-806D-16E51FD2194E}.Debug|Any CPU.ActiveCfg = Debug|Any CPU
		{A5044C61-6AD4-4158-806D-16E51FD2194E}.Debug|Any CPU.Build.0 = Debug|Any CPU
		{A5044C61-6AD4-4158-806D-16E51FD2194E}.Release|Any CPU.ActiveCfg = Release|Any CPU
		{A5044C61-6AD4-4158-806D-16E51FD2194E}.Release|Any CPU.Build.0 = Release|Any CPU
	EndGlobalSection
	GlobalSection(SolutionProperties) = preSolution
		HideSolutionNode = FALSE
	EndGlobalSection
	GlobalSection(ExtensibilityGlobals) = postSolution
		SolutionGuid = {A1C2AEE5-6801-4503-82BA-5C629B968B2D}
	EndGlobalSection
EndGlobal
